
Microsoft Visual Studio Solution File, Format Version 12.00
# Visual Studio Version 17
VisualStudioVersion = 17.3.32929.385
MinimumVisualStudioVersion = 10.0.40219.1
Project("{FAE04EC0-301F-11D3-BF4B-00C04F79EFBC}") = "ex14", "ex14\ex14.csproj", "{75655670-C34D-41C6-8600-500096666535}"
EndProject
Global
	GlobalSection(SolutionConfigurationPlatforms) = preSolution
		Debug|Any CPU = Debug|Any CPU
		Release|Any CPU = Release|Any CPU
	EndGlobalSection
	GlobalSection(ProjectConfigurationPlatforms) = postSolution
		{75655670-C34D-41C6-8600-500096666535}.Debug|Any CPU.ActiveCfg = Debug|Any CPU
		{75655670-C34D-41C6-8600-500096666535}.Debug|Any CPU.Build.0 = Debug|Any CPU
		{75655670-C34D-41C6-8600-500096666535}.Release|Any CPU.ActiveCfg = Release|Any CPU
		{75655670-C34D-41C6-8600-500096666535}.Release|Any CPU.Build.0 = Release|Any CPU
	EndGlobalSection
	GlobalSection(SolutionProperties) = preSolution
		HideSolutionNode = FALSE
	EndGlobalSection
	GlobalSection(ExtensibilityGlobals) = postSolution
		SolutionGuid = {53070490-AEE1-4962-A1B2-5493FB47C3D9}
	EndGlobalSection
EndGlobal
